// !$*UTF8*$!
{
	archiveVersion = 1;
	classes = {
	};
	objectVersion = 46;
	objects = {

/* Begin PBXBuildFile section */
		677261B0AD2D22828834EFD2 /* libPods-SessionDemo.a in Frameworks */ = {isa = PBXBuildFile; fileRef = 201860C3B2F9E67EA23F5872 /* libPods-SessionDemo.a */; };
		C0AD8D601E7F9DC600C0330A /* main.m in Sources */ = {isa = PBXBuildFile; fileRef = C0AD8D5F1E7F9DC600C0330A /* main.m */; };
		C0AD8D631E7F9DC600C0330A /* AppDelegate.m in Sources */ = {isa = PBXBuildFile; fileRef = C0AD8D621E7F9DC600C0330A /* AppDelegate.m */; };
		C0AD8D661E7F9DC600C0330A /* NEVViewController.m in Sources */ = {isa = PBXBuildFile; fileRef = C0AD8D651E7F9DC600C0330A /* NEVViewController.m */; };
		C0AD8D691E7F9DC600C0330A /* Main.storyboard in Resources */ = {isa = PBXBuildFile; fileRef = C0AD8D671E7F9DC600C0330A /* Main.storyboard */; };
		C0AD8D6B1E7F9DC600C0330A /* Assets.xcassets in Resources */ = {isa = PBXBuildFile; fileRef = C0AD8D6A1E7F9DC600C0330A /* Assets.xcassets */; };
		C0AD8D6E1E7F9DC600C0330A /* LaunchScreen.storyboard in Resources */ = {isa = PBXBuildFile; fileRef = C0AD8D6C1E7F9DC600C0330A /* LaunchScreen.storyboard */; };
/* End PBXBuildFile section */

/* Begin PBXFileReference section */
		201860C3B2F9E67EA23F5872 /* libPods-SessionDemo.a */ = {isa = PBXFileReference; explicitFileType = archive.ar; includeInIndex = 0; path = "libPods-SessionDemo.a"; sourceTree = BUILT_PRODUCTS_DIR; };
		8DC5B3CD755078E76585B1D2 /* Pods-SessionDemo.release.xcconfig */ = {isa = PBXFileReference; includeInIndex = 1; lastKnownFileType = text.xcconfig; name = "Pods-SessionDemo.release.xcconfig"; path = "Pods/Target Support Files/Pods-SessionDemo/Pods-SessionDemo.release.xcconfig"; sourceTree = "<group>"; };
		C0AD8D5B1E7F9DC600C0330A /* SessionDemo.app */ = {isa = PBXFileReference; explicitFileType = wrapper.application; includeInIndex = 0; path = SessionDemo.app; sourceTree = BUILT_PRODUCTS_DIR; };
		C0AD8D5F1E7F9DC600C0330A /* main.m */ = {isa = PBXFileReference; lastKnownFileType = sourcecode.c.objc; path = main.m; sourceTree = "<group>"; };
		C0AD8D611E7F9DC600C0330A /* AppDelegate.h */ = {isa = PBXFileReference; lastKnownFileType = sourcecode.c.h; path = AppDelegate.h; sourceTree = "<group>"; };
		C0AD8D621E7F9DC600C0330A /* AppDelegate.m */ = {isa = PBXFileReference; lastKnownFileType = sourcecode.c.objc; path = AppDelegate.m; sourceTree = "<group>"; };
		C0AD8D641E7F9DC600C0330A /* NEVViewController.h */ = {isa = PBXFileReference; lastKnownFileType = sourcecode.c.h; path = NEVViewController.h; sourceTree = "<group>"; };
		C0AD8D651E7F9DC600C0330A /* NEVViewController.m */ = {isa = PBXFileReference; lastKnownFileType = sourcecode.c.objc; path = NEVViewController.m; sourceTree = "<group>"; };
		C0AD8D681E7F9DC600C0330A /* Base */ = {isa = PBXFileReference; lastKnownFileType = file.storyboard; name = Base; path = Base.lproj/Main.storyboard; sourceTree = "<group>"; };
		C0AD8D6A1E7F9DC600C0330A /* Assets.xcassets */ = {isa = PBXFileReference; lastKnownFileType = folder.assetcatalog; path = Assets.xcassets; sourceTree = "<group>"; };
		C0AD8D6D1E7F9DC600C0330A /* Base */ = {isa = PBXFileReference; lastKnownFileType = file.storyboard; name = Base; path = Base.lproj/LaunchScreen.storyboard; sourceTree = "<group>"; };
		C0AD8D6F1E7F9DC600C0330A /* Info.plist */ = {isa = PBXFileReference; lastKnownFileType = text.plist.xml; path = Info.plist; sourceTree = "<group>"; };
		D2803A084B61B0830FE669B0 /* Pods-SessionDemo.debug.xcconfig */ = {isa = PBXFileReference; includeInIndex = 1; lastKnownFileType = text.xcconfig; name = "Pods-SessionDemo.debug.xcconfig"; path = "Pods/Target Support Files/Pods-SessionDemo/Pods-SessionDemo.debug.xcconfig"; sourceTree = "<group>"; };
/* End PBXFileReference section */

/* Begin PBXFrameworksBuildPhase section */
		C0AD8D581E7F9DC600C0330A /* Frameworks */ = {
			isa = PBXFrameworksBuildPhase;
			buildActionMask = 2147483647;
			files = (
				677261B0AD2D22828834EFD2 /* libPods-SessionDemo.a in Frameworks */,
			);
			runOnlyForDeploymentPostprocessing = 0;
		};
/* End PBXFrameworksBuildPhase section */

/* Begin PBXGroup section */
		6C78AF2FA1D2982309E3AED5 /* Frameworks */ = {
			isa = PBXGroup;
			children = (
				201860C3B2F9E67EA23F5872 /* libPods-SessionDemo.a */,
			);
			name = Frameworks;
			sourceTree = "<group>";
		};
		C0AD8D521E7F9DC600C0330A = {
			isa = PBXGroup;
			children = (
				C0AD8D5D1E7F9DC600C0330A /* SessionDemo */,
				C0AD8D5C1E7F9DC600C0330A /* Products */,
				FECA0C247D3E47076FE6CE10 /* Pods */,
				6C78AF2FA1D2982309E3AED5 /* Frameworks */,
			);
			sourceTree = "<group>";
		};
		C0AD8D5C1E7F9DC600C0330A /* Products */ = {
			isa = PBXGroup;
			children = (
				C0AD8D5B1E7F9DC600C0330A /* SessionDemo.app */,
			);
			name = Products;
			sourceTree = "<group>";
		};
		C0AD8D5D1E7F9DC600C0330A /* SessionDemo */ = {
			isa = PBXGroup;
			children = (
				C0AD8D611E7F9DC600C0330A /* AppDelegate.h */,
				C0AD8D621E7F9DC600C0330A /* AppDelegate.m */,
				C0AD8D641E7F9DC600C0330A /* NEVViewController.h */,
				C0AD8D651E7F9DC600C0330A /* NEVViewController.m */,
				C0AD8D671E7F9DC600C0330A /* Main.storyboard */,
				C0AD8D6A1E7F9DC600C0330A /* Assets.xcassets */,
				C0AD8D6C1E7F9DC600C0330A /* LaunchScreen.storyboard */,
				C0AD8D6F1E7F9DC600C0330A /* Info.plist */,
				C0AD8D5E1E7F9DC600C0330A /* Supporting Files */,
			);
			path = SessionDemo;
			sourceTree = "<group>";
		};
		C0AD8D5E1E7F9DC600C0330A /* Supporting Files */ = {
			isa = PBXGroup;
			children = (
				C0AD8D5F1E7F9DC600C0330A /* main.m */,
			);
			name = "Supporting Files";
			sourceTree = "<group>";
		};
		FECA0C247D3E47076FE6CE10 /* Pods */ = {
			isa = PBXGroup;
			children = (
				D2803A084B61B0830FE669B0 /* Pods-SessionDemo.debug.xcconfig */,
				8DC5B3CD755078E76585B1D2 /* Pods-SessionDemo.release.xcconfig */,
			);
			name = Pods;
			sourceTree = "<group>";
		};
/* End PBXGroup section */

/* Begin PBXNativeTarget section */
		C0AD8D5A1E7F9DC600C0330A /* SessionDemo */ = {
			isa = PBXNativeTarget;
			buildConfigurationList = C0AD8D721E7F9DC600C0330A /* Build configuration list for PBXNativeTarget "SessionDemo" */;
			buildPhases = (
				368D868D0504E84AEB799248 /* [CP] Check Pods Manifest.lock */,
				C0AD8D571E7F9DC600C0330A /* Sources */,
				C0AD8D581E7F9DC600C0330A /* Frameworks */,
				C0AD8D591E7F9DC600C0330A /* Resources */,
				AB936192D4D37BB539B9E660 /* [CP] Embed Pods Frameworks */,
				AF00D6278103F5647BDBFA5D /* [CP] Copy Pods Resources */,
			);
			buildRules = (
			);
			dependencies = (
			);
			name = SessionDemo;
			productName = SessionDemo;
			productReference = C0AD8D5B1E7F9DC600C0330A /* SessionDemo.app */;
			productType = "com.apple.product-type.application";
		};
/* End PBXNativeTarget section */

/* Begin PBXProject section */
		C0AD8D531E7F9DC600C0330A /* Project object */ = {
			isa = PBXProject;
			attributes = {
				LastUpgradeCheck = 0820;
				ORGANIZATIONNAME = "AISense Inc";
				TargetAttributes = {
					C0AD8D5A1E7F9DC600C0330A = {
						CreatedOnToolsVersion = 8.2.1;
						DevelopmentTeam = MA3FRWNL5H;
						ProvisioningStyle = Automatic;
					};
				};
			};
			buildConfigurationList = C0AD8D561E7F9DC600C0330A /* Build configuration list for PBXProject "SessionDemo" */;
			compatibilityVersion = "Xcode 3.2";
			developmentRegion = English;
			hasScannedForEncodings = 0;
			knownRegions = (
				en,
				Base,
			);
			mainGroup = C0AD8D521E7F9DC600C0330A;
			productRefGroup = C0AD8D5C1E7F9DC600C0330A /* Products */;
			projectDirPath = "";
			projectRoot = "";
			targets = (
				C0AD8D5A1E7F9DC600C0330A /* SessionDemo */,
			);
		};
/* End PBXProject section */

/* Begin PBXResourcesBuildPhase section */
		C0AD8D591E7F9DC600C0330A /* Resources */ = {
			isa = PBXResourcesBuildPhase;
			buildActionMask = 2147483647;
			files = (
				C0AD8D6E1E7F9DC600C0330A /* LaunchScreen.storyboard in Resources */,
				C0AD8D6B1E7F9DC600C0330A /* Assets.xcassets in Resources */,
				C0AD8D691E7F9DC600C0330A /* Main.storyboard in Resources */,
			);
			runOnlyForDeploymentPostprocessing = 0;
		};
/* End PBXResourcesBuildPhase section */

/* Begin PBXShellScriptBuildPhase section */
		368D868D0504E84AEB799248 /* [CP] Check Pods Manifest.lock */ = {
			isa = PBXShellScriptBuildPhase;
			buildActionMask = 2147483647;
			files = (
			);
			inputPaths = (
			);
			name = "[CP] Check Pods Manifest.lock";
			outputPaths = (
			);
			runOnlyForDeploymentPostprocessing = 0;
			shellPath = /bin/sh;
			shellScript = "diff \"${PODS_ROOT}/../Podfile.lock\" \"${PODS_ROOT}/Manifest.lock\" > /dev/null\nif [ $? != 0 ] ; then\n    # print error to STDERR\n    echo \"error: The sandbox is not in sync with the Podfile.lock. Run 'pod install' or update your CocoaPods installation.\" >&2\n    exit 1\nfi\n";
			showEnvVarsInLog = 0;
		};
		AB936192D4D37BB539B9E660 /* [CP] Embed Pods Frameworks */ = {
			isa = PBXShellScriptBuildPhase;
			buildActionMask = 2147483647;
			files = (
			);
			inputPaths = (
			);
			name = "[CP] Embed Pods Frameworks";
			outputPaths = (
			);
			runOnlyForDeploymentPostprocessing = 0;
			shellPath = /bin/sh;
			shellScript = "\"${SRCROOT}/Pods/Target Support Files/Pods-SessionDemo/Pods-SessionDemo-frameworks.sh\"\n";
			showEnvVarsInLog = 0;
		};
		AF00D6278103F5647BDBFA5D /* [CP] Copy Pods Resources */ = {
			isa = PBXShellScriptBuildPhase;
			buildActionMask = 2147483647;
			files = (
			);
			inputPaths = (
			);
			name = "[CP] Copy Pods Resources";
			outputPaths = (
			);
			runOnlyForDeploymentPostprocessing = 0;
			shellPath = /bin/sh;
			shellScript = "\"${SRCROOT}/Pods/Target Support Files/Pods-SessionDemo/Pods-SessionDemo-resources.sh\"\n";
			showEnvVarsInLog = 0;
		};
/* End PBXShellScriptBuildPhase section */

/* Begin PBXSourcesBuildPhase section */
		C0AD8D571E7F9DC600C0330A /* Sources */ = {
			isa = PBXSourcesBuildPhase;
			buildActionMask = 2147483647;
			files = (
				C0AD8D661E7F9DC600C0330A /* NEVViewController.m in Sources */,
				C0AD8D631E7F9DC600C0330A /* AppDelegate.m in Sources */,
				C0AD8D601E7F9DC600C0330A /* main.m in Sources */,
			);
			runOnlyForDeploymentPostprocessing = 0;
		};
/* End PBXSourcesBuildPhase section */

/* Begin PBXVariantGroup section */
		C0AD8D671E7F9DC600C0330A /* Main.storyboard */ = {
			isa = PBXVariantGroup;
			children = (
				C0AD8D681E7F9DC600C0330A /* Base */,
			);
			name = Main.storyboard;
			sourceTree = "<group>";
		};
		C0AD8D6C1E7F9DC600C0330A /* LaunchScreen.storyboard */ = {
			isa = PBXVariantGroup;
			children = (
				C0AD8D6D1E7F9DC600C0330A /* Base */,
			);
			name = LaunchScreen.storyboard;
			sourceTree = "<group>";
		};
/* End PBXVariantGroup section */

/* Begin XCBuildConfiguration section */
		C0AD8D701E7F9DC600C0330A /* Debug */ = {
			isa = XCBuildConfiguration;
			buildSettings = {
				ALWAYS_SEARCH_USER_PATHS = NO;
				CLANG_ANALYZER_NONNULL = YES;
				CLANG_CXX_LANGUAGE_STANDARD = "gnu++0x";
				CLANG_CXX_LIBRARY = "libc++";
				CLANG_ENABLE_MODULES = YES;
				CLANG_ENABLE_OBJC_ARC = YES;
				CLANG_WARN_BOOL_CONVERSION = YES;
				CLANG_WARN_CONSTANT_CONVERSION = YES;
				CLANG_WARN_DIRECT_OBJC_ISA_USAGE = YES_ERROR;
				CLANG_WARN_DOCUMENTATION_COMMENTS = YES;
				CLANG_WARN_EMPTY_BODY = YES;
				CLANG_WARN_ENUM_CONVERSION = YES;
				CLANG_WARN_INFINITE_RECURSION = YES;
				CLANG_WARN_INT_CONVERSION = YES;
				CLANG_WARN_OBJC_ROOT_CLASS = YES_ERROR;
				CLANG_WARN_SUSPICIOUS_MOVE = YES;
				CLANG_WARN_UNREACHABLE_CODE = YES;
				CLANG_WARN__DUPLICATE_METHOD_MATCH = YES;
				"CODE_SIGN_IDENTITY[sdk=iphoneos*]" = "iPhone Developer";
				COPY_PHASE_STRIP = NO;
				DEBUG_INFORMATION_FORMAT = dwarf;
				ENABLE_STRICT_OBJC_MSGSEND = YES;
				ENABLE_TESTABILITY = YES;
				GCC_C_LANGUAGE_STANDARD = gnu99;
				GCC_DYNAMIC_NO_PIC = NO;
				GCC_NO_COMMON_BLOCKS = YES;
				GCC_OPTIMIZATION_LEVEL = 0;
				GCC_PREPROCESSOR_DEFINITIONS = (
					"DEBUG=1",
					"$(inherited)",
				);
				GCC_WARN_64_TO_32_BIT_CONVERSION = YES;
				GCC_WARN_ABOUT_RETURN_TYPE = YES_ERROR;
				GCC_WARN_UNDECLARED_SELECTOR = YES;
				GCC_WARN_UNINITIALIZED_AUTOS = YES_AGGRESSIVE;
				GCC_WARN_UNUSED_FUNCTION = YES;
				GCC_WARN_UNUSED_VARIABLE = YES;
				IPHONEOS_DEPLOYMENT_TARGET = 10.2;
				MTL_ENABLE_DEBUG_INFO = YES;
				ONLY_ACTIVE_ARCH = YES;
				SDKROOT = iphoneos;
				TARGETED_DEVICE_FAMILY = "1,2";
			};
			name = Debug;
		};
		C0AD8D711E7F9DC600C0330A /* Release */ = {
			isa = XCBuildConfiguration;
			buildSettings = {
				ALWAYS_SEARCH_USER_PATHS = NO;
				CLANG_ANALYZER_NONNULL = YES;
				CLANG_CXX_LANGUAGE_STANDARD = "gnu++0x";
				CLANG_CXX_LIBRARY = "libc++";
				CLANG_ENABLE_MODULES = YES;
				CLANG_ENABLE_OBJC_ARC = YES;
				CLANG_WARN_BOOL_CONVERSION = YES;
				CLANG_WARN_CONSTANT_CONVERSION = YES;
				CLANG_WARN_DIRECT_OBJC_ISA_USAGE = YES_ERROR;
				CLANG_WARN_DOCUMENTATION_COMMENTS = YES;
				CLANG_WARN_EMPTY_BODY = YES;
				CLANG_WARN_ENUM_CONVERSION = YES;
				CLANG_WARN_INFINITE_RECURSION = YES;
				CLANG_WARN_INT_CONVERSION = YES;
				CLANG_WARN_OBJC_ROOT_CLASS = YES_ERROR;
				CLANG_WARN_SUSPICIOUS_MOVE = YES;
				CLANG_WARN_UNREACHABLE_CODE = YES;
				CLANG_WARN__DUPLICATE_METHOD_MATCH = YES;
				"CODE_SIGN_IDENTITY[sdk=iphoneos*]" = "iPhone Developer";
				COPY_PHASE_STRIP = NO;
				DEBUG_INFORMATION_FORMAT = "dwarf-with-dsym";
				ENABLE_NS_ASSERTIONS = NO;
				ENABLE_STRICT_OBJC_MSGSEND = YES;
				GCC_C_LANGUAGE_STANDARD = gnu99;
				GCC_NO_COMMON_BLOCKS = YES;
				GCC_WARN_64_TO_32_BIT_CONVERSION = YES;
				GCC_WARN_ABOUT_RETURN_TYPE = YES_ERROR;
				GCC_WARN_UNDECLARED_SELECTOR = YES;
				GCC_WARN_UNINITIALIZED_AUTOS = YES_AGGRESSIVE;
				GCC_WARN_UNUSED_FUNCTION = YES;
				GCC_WARN_UNUSED_VARIABLE = YES;
				IPHONEOS_DEPLOYMENT_TARGET = 10.2;
				MTL_ENABLE_DEBUG_INFO = NO;
				SDKROOT = iphoneos;
				TARGETED_DEVICE_FAMILY = "1,2";
				VALIDATE_PRODUCT = YES;
			};
			name = Release;
		};
		C0AD8D731E7F9DC600C0330A /* Debug */ = {
			isa = XCBuildConfiguration;
			baseConfigurationReference = D2803A084B61B0830FE669B0 /* Pods-SessionDemo.debug.xcconfig */;
			buildSettings = {
				ASSETCATALOG_COMPILER_APPICON_NAME = AppIcon;
				DEVELOPMENT_TEAM = MA3FRWNL5H;
				INFOPLIST_FILE = SessionDemo/Info.plist;
				LD_RUNPATH_SEARCH_PATHS = "$(inherited) @executable_path/Frameworks";
				PRODUCT_BUNDLE_IDENTIFIER = aisense.SessionDemo;
				PRODUCT_NAME = "$(TARGET_NAME)";
			};
			name = Debug;
		};
		C0AD8D741E7F9DC600C0330A /* Release */ = {
			isa = XCBuildConfiguration;
			baseConfigurationReference = 8DC5B3CD755078E76585B1D2 /* Pods-SessionDemo.release.xcconfig */;
			buildSettings = {
				ASSETCATALOG_COMPILER_APPICON_NAME = AppIcon;
				DEVELOPMENT_TEAM = MA3FRWNL5H;
				INFOPLIST_FILE = SessionDemo/Info.plist;
				LD_RUNPATH_SEARCH_PATHS = "$(inherited) @executable_path/Frameworks";
				PRODUCT_BUNDLE_IDENTIFIER = aisense.SessionDemo;
				PRODUCT_NAME = "$(TARGET_NAME)";
			};
			name = Release;
		};
/* End XCBuildConfiguration section */

/* Begin XCConfigurationList section */
		C0AD8D561E7F9DC600C0330A /* Build configuration list for PBXProject "SessionDemo" */ = {
			isa = XCConfigurationList;
			buildConfigurations = (
				C0AD8D701E7F9DC600C0330A /* Debug */,
				C0AD8D711E7F9DC600C0330A /* Release */,
			);
			defaultConfigurationIsVisible = 0;
			defaultConfigurationName = Release;
		};
		C0AD8D721E7F9DC600C0330A /* Build configuration list for PBXNativeTarget "SessionDemo" */ = {
			isa = XCConfigurationList;
			buildConfigurations = (
				C0AD8D731E7F9DC600C0330A /* Debug */,
				C0AD8D741E7F9DC600C0330A /* Release */,
			);
			defaultConfigurationIsVisible = 0;
			defaultConfigurationName = Release;
		};
/* End XCConfigurationList section */
	};
	rootObject = C0AD8D531E7F9DC600C0330A /* Project object */;
}
